
Microsoft Visual Studio Solution File, Format Version 12.00
# Visual Studio Version 17
VisualStudioVersion = 17.1.32407.343
MinimumVisualStudioVersion = 10.0.40219.1
Project("{FAE04EC0-301F-11D3-BF4B-00C04F79EFBC}") = "21004063_PhanHoangHuy_T4", "21004063_PhanHoangHuy_T4\21004063_PhanHoangHuy_T4.csproj", "{4C9A4BCF-5EF7-4D4E-A62E-FD818FA267F6}"
EndProject
Global
	GlobalSection(SolutionConfigurationPlatforms) = preSolution
		Debug|Any CPU = Debug|Any CPU
		Release|Any CPU = Release|Any CPU
	EndGlobalSection
	GlobalSection(ProjectConfigurationPlatforms) = postSolution
		{4C9A4BCF-5EF7-4D4E-A62E-FD818FA267F6}.Debug|Any CPU.ActiveCfg = Debug|Any CPU
		{4C9A4BCF-5EF7-4D4E-A62E-FD818FA267F6}.Debug|Any CPU.Build.0 = Debug|Any CPU
		{4C9A4BCF-5EF7-4D4E-A62E-FD818FA267F6}.Release|Any CPU.ActiveCfg = Release|Any CPU
		{4C9A4BCF-5EF7-4D4E-A62E-FD818FA267F6}.Release|Any CPU.Build.0 = Release|Any CPU
	EndGlobalSection
	GlobalSection(SolutionProperties) = preSolution
		HideSolutionNode = FALSE
	EndGlobalSection
	GlobalSection(ExtensibilityGlobals) = postSolution
		SolutionGuid = {6BF87800-457E-452C-9A36-4492C2E9B451}
	EndGlobalSection
EndGlobal
